# THIS IS AN AUTOGENERATED FILE. DO NOT EDIT THIS FILE DIRECTLY.
# yarn lockfile v1


"@headlessui/react@^1.4.1":
  version "1.4.1"
  resolved "https://registry.yarnpkg.com/@headlessui/react/-/react-1.4.1.tgz#0a8dbb20e1d63dcea55bfc3ab1b87637aaac7777"
  integrity sha512-gL6Ns5xQM57cZBzX6IVv6L7nsam8rDEpRhs5fg28SN64ikfmuuMgunc+Rw5C1cMScnvFM+cz32ueVrlSFEVlSg==

"@heroicons/react@^1.0.5":
  version "1.0.5"
  resolved "https://registry.yarnpkg.com/@heroicons/react/-/react-1.0.5.tgz#2fe4df9d33eb6ce6d5178a0f862e97b61c01e27d"
  integrity sha512-UDMyLM2KavIu2vlWfMspapw9yii7aoLwzI2Hudx4fyoPwfKfxU8r3cL8dEBXOjcLG0/oOONZzbT14M1HoNtEcg==
